
Microsoft Visual Studio Solution File, Format Version 12.00
# Visual Studio 15
VisualStudioVersion = 15.0.27428.2027
MinimumVisualStudioVersion = 10.0.40219.1
Project("{2150E333-8FDC-42A3-9474-1A3956D46DE8}") = "Solution Items", "Solution Items", "{6A0599CE-CA82-4B23-B8AA-561957007F48}"
	ProjectSection(SolutionItems) = preProject
		README.md = README.md
	EndProjectSection
EndProject
Project("{8BC9CEB8-8B4A-11D0-8D11-00A0C91BC942}") = "MontyHall", "MontyHall\MontyHall.vcxproj", "{F9FB5F97-59E2-491B-859D-49385EC0A97F}"
EndProject
Global
	GlobalSection(SolutionConfigurationPlatforms) = preSolution
		Debug|x64 = Debug|x64
		Debug|x86 = Debug|x86
		Release|x64 = Release|x64
		Release|x86 = Release|x86
	EndGlobalSection
	GlobalSection(ProjectConfigurationPlatforms) = postSolution
		{F9FB5F97-59E2-491B-859D-49385EC0A97F}.Debug|x64.ActiveCfg = Debug|x64
		{F9FB5F97-59E2-491B-859D-49385EC0A97F}.Debug|x64.Build.0 = Debug|x64
		{F9FB5F97-59E2-491B-859D-49385EC0A97F}.Debug|x86.ActiveCfg = Debug|Win32
		{F9FB5F97-59E2-491B-859D-49385EC0A97F}.Debug|x86.Build.0 = Debug|Win32
		{F9FB5F97-59E2-491B-859D-49385EC0A97F}.Release|x64.ActiveCfg = Release|x64
		{F9FB5F97-59E2-491B-859D-49385EC0A97F}.Release|x64.Build.0 = Release|x64
		{F9FB5F97-59E2-491B-859D-49385EC0A97F}.Release|x86.ActiveCfg = Release|Win32
		{F9FB5F97-59E2-491B-859D-49385EC0A97F}.Release|x86.Build.0 = Release|Win32
	EndGlobalSection
	GlobalSection(SolutionProperties) = preSolution
		HideSolutionNode = FALSE
	EndGlobalSection
	GlobalSection(ExtensibilityGlobals) = postSolution
		SolutionGuid = {E4D49DEA-493C-47A2-BA9F-D162B1B6EEE5}
	EndGlobalSection
EndGlobal
