
Microsoft Visual Studio Solution File, Format Version 12.00
# Visual Studio 15
VisualStudioVersion = 15.0.27428.2027
MinimumVisualStudioVersion = 10.0.40219.1
Project("{2150E333-8FDC-42A3-9474-1A3956D46DE8}") = "Solution Items", "Solution Items", "{FE335E6D-C9ED-44B6-A7CA-ABEE6228B978}"
	ProjectSection(SolutionItems) = preProject
		..\README.md = ..\README.md
	EndProjectSection
EndProject
Project("{8BC9CEB8-8B4A-11D0-8D11-00A0C91BC942}") = "CST136SRS00", "CST136SRS00\CST136SRS00.vcxproj", "{ECEE5E99-ED67-431E-BB1F-0BF305FCF60D}"
EndProject
Global
	GlobalSection(SolutionConfigurationPlatforms) = preSolution
		Debug|x64 = Debug|x64
		Debug|x86 = Debug|x86
		Release|x64 = Release|x64
		Release|x86 = Release|x86
	EndGlobalSection
	GlobalSection(ProjectConfigurationPlatforms) = postSolution
		{ECEE5E99-ED67-431E-BB1F-0BF305FCF60D}.Debug|x64.ActiveCfg = Debug|x64
		{ECEE5E99-ED67-431E-BB1F-0BF305FCF60D}.Debug|x64.Build.0 = Debug|x64
		{ECEE5E99-ED67-431E-BB1F-0BF305FCF60D}.Debug|x86.ActiveCfg = Debug|Win32
		{ECEE5E99-ED67-431E-BB1F-0BF305FCF60D}.Debug|x86.Build.0 = Debug|Win32
		{ECEE5E99-ED67-431E-BB1F-0BF305FCF60D}.Release|x64.ActiveCfg = Release|x64
		{ECEE5E99-ED67-431E-BB1F-0BF305FCF60D}.Release|x64.Build.0 = Release|x64
		{ECEE5E99-ED67-431E-BB1F-0BF305FCF60D}.Release|x86.ActiveCfg = Release|Win32
		{ECEE5E99-ED67-431E-BB1F-0BF305FCF60D}.Release|x86.Build.0 = Release|Win32
	EndGlobalSection
	GlobalSection(SolutionProperties) = preSolution
		HideSolutionNode = FALSE
	EndGlobalSection
	GlobalSection(ExtensibilityGlobals) = postSolution
		SolutionGuid = {29EDFAC5-9F37-4E8E-9CCB-667E17726C1C}
	EndGlobalSection
EndGlobal
